
Microsoft Visual Studio Solution File, Format Version 12.00
# Visual Studio 2013
VisualStudioVersion = 12.0.31101.0
MinimumVisualStudioVersion = 10.0.40219.1
Project("{FAE04EC0-301F-11D3-BF4B-00C04F79EFBC}") = "ExamDispatcher", "ExamDispatcher\ExamDispatcher.csproj", "{A398DB0B-B004-4445-880A-664350E341D2}"
EndProject
Project("{FAE04EC0-301F-11D3-BF4B-00C04F79EFBC}") = "DataModels", "DataModels\DataModels.csproj", "{68773A62-B7BC-494E-AA5D-3D6A88FF94AD}"
EndProject
Project("{FAE04EC0-301F-11D3-BF4B-00C04F79EFBC}") = "Utilities", "Utilities\Utilities.csproj", "{D1047371-D916-4754-9F10-C1EA2B1042D1}"
EndProject
Project("{FAE04EC0-301F-11D3-BF4B-00C04F79EFBC}") = "Webservice", "Webservice\Webservice.csproj", "{35460AA4-B94A-4B64-9418-7243EC3D2F01}"
EndProject
Project("{FAE04EC0-301F-11D3-BF4B-00C04F79EFBC}") = "ExamSandbox", "ExamSandbox\ExamSandbox.csproj", "{CF8616AC-9895-47CF-8596-2F08AC28EED4}"
EndProject
Global
	GlobalSection(SolutionConfigurationPlatforms) = preSolution
		Debug|Any CPU = Debug|Any CPU
		Release|Any CPU = Release|Any CPU
	EndGlobalSection
	GlobalSection(ProjectConfigurationPlatforms) = postSolution
		{A398DB0B-B004-4445-880A-664350E341D2}.Debug|Any CPU.ActiveCfg = Debug|Any CPU
		{A398DB0B-B004-4445-880A-664350E341D2}.Debug|Any CPU.Build.0 = Debug|Any CPU
		{A398DB0B-B004-4445-880A-664350E341D2}.Release|Any CPU.ActiveCfg = Release|Any CPU
		{A398DB0B-B004-4445-880A-664350E341D2}.Release|Any CPU.Build.0 = Release|Any CPU
		{68773A62-B7BC-494E-AA5D-3D6A88FF94AD}.Debug|Any CPU.ActiveCfg = Debug|Any CPU
		{68773A62-B7BC-494E-AA5D-3D6A88FF94AD}.Debug|Any CPU.Build.0 = Debug|Any CPU
		{68773A62-B7BC-494E-AA5D-3D6A88FF94AD}.Release|Any CPU.ActiveCfg = Release|Any CPU
		{68773A62-B7BC-494E-AA5D-3D6A88FF94AD}.Release|Any CPU.Build.0 = Release|Any CPU
		{D1047371-D916-4754-9F10-C1EA2B1042D1}.Debug|Any CPU.ActiveCfg = Debug|Any CPU
		{D1047371-D916-4754-9F10-C1EA2B1042D1}.Debug|Any CPU.Build.0 = Debug|Any CPU
		{D1047371-D916-4754-9F10-C1EA2B1042D1}.Release|Any CPU.ActiveCfg = Release|Any CPU
		{D1047371-D916-4754-9F10-C1EA2B1042D1}.Release|Any CPU.Build.0 = Release|Any CPU
		{35460AA4-B94A-4B64-9418-7243EC3D2F01}.Debug|Any CPU.ActiveCfg = Debug|Any CPU
		{35460AA4-B94A-4B64-9418-7243EC3D2F01}.Debug|Any CPU.Build.0 = Debug|Any CPU
		{35460AA4-B94A-4B64-9418-7243EC3D2F01}.Release|Any CPU.ActiveCfg = Release|Any CPU
		{35460AA4-B94A-4B64-9418-7243EC3D2F01}.Release|Any CPU.Build.0 = Release|Any CPU
		{CF8616AC-9895-47CF-8596-2F08AC28EED4}.Debug|Any CPU.ActiveCfg = Debug|Any CPU
		{CF8616AC-9895-47CF-8596-2F08AC28EED4}.Debug|Any CPU.Build.0 = Debug|Any CPU
		{CF8616AC-9895-47CF-8596-2F08AC28EED4}.Release|Any CPU.ActiveCfg = Release|Any CPU
		{CF8616AC-9895-47CF-8596-2F08AC28EED4}.Release|Any CPU.Build.0 = Release|Any CPU
	EndGlobalSection
	GlobalSection(SolutionProperties) = preSolution
		HideSolutionNode = FALSE
	EndGlobalSection
EndGlobal
